{
  "name": "wasm-dpp-sample",
  "version": "1.0.0",
  "lockfileVersion": 3,
  "requires": true,
  "packages": {
    "": {
      "name": "wasm-dpp-sample",
      "version": "1.0.0",
      "license": "ISC",
      "dependencies": {
        "@dashevo/wasm-dpp": "^0.25.15"
      }
    },
    "node_modules/@dashevo/bls": {
      "version": "1.2.9",
      "resolved": "https://registry.npmjs.org/@dashevo/bls/-/bls-1.2.9.tgz",
      "integrity": "sha512-7+j0tQMi8fPmgcLgxnfvML2GW/A6xYA1cTLDLN2prfvV6V1OpH6EiwVGKTXBquJT0OQX++upClOKYUlIEQ8+0A==",
      "dependencies": {
        "binascii": "0.0.2"
      }
    },
    "node_modules/@dashevo/wasm-dpp": {
      "version": "0.25.15",
      "resolved": "https://registry.npmjs.org/@dashevo/wasm-dpp/-/wasm-dpp-0.25.15.tgz",
      "integrity": "sha512-Zkd6CbQgS1a4eXYO6WrixUD29vWsyjhbHvTOfpI3navIfUHjecU47yZZrX8ksQqjze05+O698Y1WCCvnsaATsw==",
      "dependencies": {
        "@dashevo/bls": "~1.2.9",
        "bs58": "^4.0.1",
        "lodash": "^4.17.21",
        "varint": "^6.0.0"
      }
    },
    "node_modules/base-x": {
      "version": "3.0.9",
      "resolved": "https://registry.npmjs.org/base-x/-/base-x-3.0.9.tgz",
      "integrity": "sha512-H7JU6iBHTal1gp56aKoaa//YUxEaAOUiydvrV/pILqIHXTtqxSkATOnDA2u+jZ/61sD+L/412+7kzXRtWukhpQ==",
      "dependencies": {
        "safe-buffer": "^5.0.1"
      }
    },
    "node_modules/binascii": {
      "version": "0.0.2",
      "resolved": "https://registry.npmjs.org/binascii/-/binascii-0.0.2.tgz",
      "integrity": "sha512-rA2CrUl1+6yKrn+XgLs8Hdy18OER1UW146nM+ixzhQXDY+Bd3ySkyIJGwF2a4I45JwbvF1mDL/nWkqBwpOcdBA=="
    },
    "node_modules/bs58": {
      "version": "4.0.1",
      "resolved": "https://registry.npmjs.org/bs58/-/bs58-4.0.1.tgz",
      "integrity": "sha512-Ok3Wdf5vOIlBrgCvTq96gBkJw+JUEzdBgyaza5HLtPm7yTHkjRy8+JzNyHF7BHa0bNWOQIp3m5YF0nnFcOIKLw==",
      "dependencies": {
        "base-x": "^3.0.2"
      }
    },
    "node_modules/lodash": {
      "version": "4.17.21",
      "resolved": "https://registry.npmjs.org/lodash/-/lodash-4.17.21.tgz",
      "integrity": "sha512-v2kDEe57lecTulaDIuNTPy3Ry4gLGJ6Z1O3vE1krgXZNrsQ+LFTGHVxVjcXPs17LhbZVGedAJv8XZ1tvj5FvSg=="
    },
    "node_modules/safe-buffer": {
      "version": "5.2.1",
      "resolved": "https://registry.npmjs.org/safe-buffer/-/safe-buffer-5.2.1.tgz",
      "integrity": "sha512-rp3So07KcdmmKbGvgaNxQSJr7bGVSVk5S9Eq1F+ppbRo70+YeaDxkw5Dd8NPN+GD6bjnYm2VuPuCXmpuYvmCXQ==",
      "funding": [
        {
          "type": "github",
          "url": "https://github.com/sponsors/feross"
        },
        {
          "type": "patreon",
          "url": "https://www.patreon.com/feross"
        },
        {
          "type": "consulting",
          "url": "https://feross.org/support"
        }
      ]
    },
    "node_modules/varint": {
      "version": "6.0.0",
      "resolved": "https://registry.npmjs.org/varint/-/varint-6.0.0.tgz",
      "integrity": "sha512-cXEIW6cfr15lFv563k4GuVuW/fiwjknytD37jIOLSdSWuOI6WnO/oKwmP2FQTU2l01LP8/M5TSAJpzUaGe3uWg=="
    }
  }
}
